
Microsoft Visual Studio Solution File, Format Version 12.00
Project("{FAE04EC0-301F-11D3-BF4B-00C04F79EFBC}") = "WerewolfEngine", "WerewolfEngine\WerewolfEngine.csproj", "{0C17A977-C284-42FC-A05D-4D13546A382E}"
EndProject
Project("{FAE04EC0-301F-11D3-BF4B-00C04F79EFBC}") = "WerewolfEngine.Tests", "WerewolfEngine.Tests\WerewolfEngine.Tests.csproj", "{6ABA6CC6-0174-42BB-9BC2-BCE43F888BC4}"
EndProject
Project("{FAE04EC0-301F-11D3-BF4B-00C04F79EFBC}") = "Playground", "Playground\Playground.csproj", "{509167FE-CEDC-40DF-835C-DF41D0B1051C}"
EndProject
Project("{FAE04EC0-301F-11D3-BF4B-00C04F79EFBC}") = "WerewolfEngine.Werewolf", "WerewolfEngine.Werewolf\WerewolfEngine.Werewolf.csproj", "{7F6A6389-7B38-4D70-B72A-167CCD8EC961}"
EndProject
Global
	GlobalSection(SolutionConfigurationPlatforms) = preSolution
		Debug|Any CPU = Debug|Any CPU
		Release|Any CPU = Release|Any CPU
	EndGlobalSection
	GlobalSection(ProjectConfigurationPlatforms) = postSolution
		{0C17A977-C284-42FC-A05D-4D13546A382E}.Debug|Any CPU.ActiveCfg = Debug|Any CPU
		{0C17A977-C284-42FC-A05D-4D13546A382E}.Debug|Any CPU.Build.0 = Debug|Any CPU
		{0C17A977-C284-42FC-A05D-4D13546A382E}.Release|Any CPU.ActiveCfg = Release|Any CPU
		{0C17A977-C284-42FC-A05D-4D13546A382E}.Release|Any CPU.Build.0 = Release|Any CPU
		{6ABA6CC6-0174-42BB-9BC2-BCE43F888BC4}.Debug|Any CPU.ActiveCfg = Debug|Any CPU
		{6ABA6CC6-0174-42BB-9BC2-BCE43F888BC4}.Debug|Any CPU.Build.0 = Debug|Any CPU
		{6ABA6CC6-0174-42BB-9BC2-BCE43F888BC4}.Release|Any CPU.ActiveCfg = Release|Any CPU
		{6ABA6CC6-0174-42BB-9BC2-BCE43F888BC4}.Release|Any CPU.Build.0 = Release|Any CPU
		{509167FE-CEDC-40DF-835C-DF41D0B1051C}.Debug|Any CPU.ActiveCfg = Debug|Any CPU
		{509167FE-CEDC-40DF-835C-DF41D0B1051C}.Debug|Any CPU.Build.0 = Debug|Any CPU
		{509167FE-CEDC-40DF-835C-DF41D0B1051C}.Release|Any CPU.ActiveCfg = Release|Any CPU
		{509167FE-CEDC-40DF-835C-DF41D0B1051C}.Release|Any CPU.Build.0 = Release|Any CPU
		{7F6A6389-7B38-4D70-B72A-167CCD8EC961}.Debug|Any CPU.ActiveCfg = Debug|Any CPU
		{7F6A6389-7B38-4D70-B72A-167CCD8EC961}.Debug|Any CPU.Build.0 = Debug|Any CPU
		{7F6A6389-7B38-4D70-B72A-167CCD8EC961}.Release|Any CPU.ActiveCfg = Release|Any CPU
		{7F6A6389-7B38-4D70-B72A-167CCD8EC961}.Release|Any CPU.Build.0 = Release|Any CPU
	EndGlobalSection
EndGlobal
